# This file is automatically @generated by Cargo.
# It is not intended for manual editing.
[[package]]
name = "aho-corasick"
version = "0.6.10"
source = "registry+https://github.com/rust-lang/crates.io-index"
checksum = "81ce3d38065e618af2d7b77e10c5ad9a069859b4be3c2250f674af3840d9c8a5"
dependencies = [
 "memchr",
]

[[package]]
name = "aho-corasick"
version = "0.7.10"
source = "registry+https://github.com/rust-lang/crates.io-index"
checksum = "8716408b8bc624ed7f65d223ddb9ac2d044c0547b6fa4b0d554f3a9540496ada"
dependencies = [
 "memchr",
]

[[package]]
name = "atty"
version = "0.2.14"
source = "registry+https://github.com/rust-lang/crates.io-index"
checksum = "d9b39be18770d11421cdb1b9947a45dd3f37e93092cbf377614828a319d5fee8"
dependencies = [
 "hermit-abi",
 "libc",
 "winapi",
]

[[package]]
name = "autocfg"
version = "0.1.7"
source = "registry+https://github.com/rust-lang/crates.io-index"
checksum = "1d49d90015b3c36167a20fe2810c5cd875ad504b39cff3d4eae7977e6b7c1cb2"

[[package]]
name = "autocfg"
version = "1.0.0"
source = "registry+https://github.com/rust-lang/crates.io-index"
checksum = "f8aac770f1885fd7e387acedd76065302551364496e46b3dd00860b2f8359b9d"

[[package]]
name = "base64"
version = "0.9.3"
source = "registry+https://github.com/rust-lang/crates.io-index"
checksum = "489d6c0ed21b11d038c31b6ceccca973e65d73ba3bd8ecb9a2babf5546164643"
dependencies = [
 "byteorder",
 "safemem",
]

[[package]]
name = "base64"
version = "0.11.0"
source = "registry+https://github.com/rust-lang/crates.io-index"
checksum = "b41b7ea54a0c9d92199de89e20e58d49f02f8e699814ef3fdf266f6f748d15c7"

[[package]]
name = "bitflags"
version = "1.2.1"
source = "registry+https://github.com/rust-lang/crates.io-index"
checksum = "cf1de2fe8c75bc145a2f577add951f8134889b4795d47466a54a5c846d691693"

[[package]]
name = "bodyparser"
version = "0.8.0"
source = "registry+https://github.com/rust-lang/crates.io-index"
checksum = "f023abfa58aad6f6bc4ae0630799e24d5ee0ab8bb2e49f651d9b1f9aa4f52f30"
dependencies = [
 "iron",
 "persistent",
 "plugin",
 "serde",
 "serde_json",
]

[[package]]
name = "byteorder"
version = "1.3.4"
source = "registry+https://github.com/rust-lang/crates.io-index"
checksum = "08c48aae112d48ed9f069b33538ea9e3e90aa263cfa3d1c24309612b1f7472de"

[[package]]
name = "cfg-if"
version = "0.1.10"
source = "registry+https://github.com/rust-lang/crates.io-index"
checksum = "4785bdd1c96b2a846b2bd7cc02e86b6b3dbf14e7e53446c4f54c92a361040822"

[[package]]
name = "chrono"
version = "0.4.11"
source = "registry+https://github.com/rust-lang/crates.io-index"
checksum = "80094f509cf8b5ae86a4966a39b3ff66cd7e2a3e594accec3743ff3fabeab5b2"
dependencies = [
 "num-integer",
 "num-traits",
 "time",
]

[[package]]
name = "cloudabi"
version = "0.0.3"
source = "registry+https://github.com/rust-lang/crates.io-index"
checksum = "ddfc5b9aa5d4507acaf872de71051dfd0e309860e88966e1051e462a077aac4f"
dependencies = [
 "bitflags",
]

[[package]]
name = "diesel"
version = "1.4.3"
source = "registry+https://github.com/rust-lang/crates.io-index"
checksum = "9d7cc03b910de9935007861dce440881f69102aaaedfd4bc5a6f40340ca5840c"
dependencies = [
 "bitflags",
 "byteorder",
 "chrono",
 "diesel_derives",
 "pq-sys",
 "uuid",
]

[[package]]
name = "diesel-derive-newtype"
version = "0.1.2"
source = "registry+https://github.com/rust-lang/crates.io-index"
checksum = "e844e8e6f65dcf27aa0b97d4234f974d93dfbf56816033d71b5e0c7eb701709f"
dependencies = [
 "diesel",
 "proc-macro2 0.4.30",
 "quote 0.6.13",
 "syn 0.14.9",
]

[[package]]
name = "diesel_derives"
version = "1.4.1"
source = "registry+https://github.com/rust-lang/crates.io-index"
checksum = "45f5098f628d02a7a0f68ddba586fb61e80edec3bdc1be3b921f4ceec60858d3"
dependencies = [
 "proc-macro2 1.0.10",
 "quote 1.0.3",
 "syn 1.0.17",
]

[[package]]
name = "dotenv"
version = "0.9.0"
source = "registry+https://github.com/rust-lang/crates.io-index"
checksum = "400b347fe65ccfbd8f545c9d9a75d04b0caf23fec49aaa838a9a05398f94c019"
dependencies = [
 "regex 0.2.11",
]

[[package]]
name = "env_logger"
version = "0.7.1"
source = "registry+https://github.com/rust-lang/crates.io-index"
checksum = "44533bbbb3bb3c1fa17d9f2e4e38bbbaf8396ba82193c4cb1b6445d711445d36"
dependencies = [
 "atty",
 "humantime",
 "log 0.4.8",
 "regex 1.3.6",
 "termcolor",
]

[[package]]
name = "fnv"
version = "1.0.6"
source = "registry+https://github.com/rust-lang/crates.io-index"
checksum = "2fad85553e09a6f881f739c29f0b00b0f01357c743266d478b68951ce23285f3"

[[package]]
name = "fuchsia-cprng"
version = "0.1.1"
source = "registry+https://github.com/rust-lang/crates.io-index"
checksum = "a06f77d526c1a601b7c4cdd98f54b5eaabffc14d5f2f0296febdc7f357c6d3ba"

[[package]]
name = "graphql"
version = "0.1.0"

[[package]]
name = "hermit-abi"
version = "0.1.10"
source = "registry+https://github.com/rust-lang/crates.io-index"
checksum = "725cf19794cf90aa94e65050cb4191ff5d8fa87a498383774c47b332e3af952e"
dependencies = [
 "libc",
]

[[package]]
name = "httparse"
version = "1.3.4"
source = "registry+https://github.com/rust-lang/crates.io-index"
checksum = "cd179ae861f0c2e53da70d892f5f3029f9594be0c41dc5269cd371691b1dc2f9"

[[package]]
name = "humantime"
version = "1.3.0"
source = "registry+https://github.com/rust-lang/crates.io-index"
checksum = "df004cfca50ef23c36850aaaa59ad52cc70d0e90243c3c7737a4dd32dc7a3c4f"
dependencies = [
 "quick-error",
]

[[package]]
name = "hyper"
version = "0.10.16"
source = "registry+https://github.com/rust-lang/crates.io-index"
checksum = "0a0652d9a2609a968c14be1a9ea00bf4b1d64e2e1f53a1b51b6fff3a6e829273"
dependencies = [
 "base64 0.9.3",
 "httparse",
 "language-tags",
 "log 0.3.9",
 "mime",
 "num_cpus",
 "time",
 "traitobject",
 "typeable",
 "unicase",
 "url 1.7.2",
]

[[package]]
name = "idna"
version = "0.1.5"
source = "registry+https://github.com/rust-lang/crates.io-index"
checksum = "38f09e0f0b1fb55fdee1f17470ad800da77af5186a1a76c026b679358b7e844e"
dependencies = [
 "matches",
 "unicode-bidi",
 "unicode-normalization",
]

[[package]]
name = "idna"
version = "0.2.0"
source = "registry+https://github.com/rust-lang/crates.io-index"
checksum = "02e2673c30ee86b5b96a9cb52ad15718aa1f966f5ab9ad54a8b95d5ca33120a9"
dependencies = [
 "matches",
 "unicode-bidi",
 "unicode-normalization",
]

[[package]]
name = "indexmap"
version = "1.3.2"
source = "registry+https://github.com/rust-lang/crates.io-index"
checksum = "076f042c5b7b98f31d205f1249267e12a6518c1481e9dae9764af19b707d2292"
dependencies = [
 "autocfg 1.0.0",
 "serde",
]

[[package]]
name = "iron"
version = "0.6.1"
source = "registry+https://github.com/rust-lang/crates.io-index"
checksum = "c6d308ca2d884650a8bf9ed2ff4cb13fbb2207b71f64cda11dc9b892067295e8"
dependencies = [
 "hyper",
 "log 0.3.9",
 "mime_guess",
 "modifier",
 "num_cpus",
 "plugin",
 "typemap",
 "url 1.7.2",
]

[[package]]
name = "itoa"
version = "0.4.5"
source = "registry+https://github.com/rust-lang/crates.io-index"
checksum = "b8b7a7c0c47db5545ed3fef7468ee7bb5b74691498139e4b3f6a20685dc6dd8e"

[[package]]
name = "juniper"
version = "0.14.2"
source = "registry+https://github.com/rust-lang/crates.io-index"
checksum = "f662ba51e2fbc3d6dd1ca66be70b44963606a34473156abddcb0351fc6caa668"
dependencies = [
 "chrono",
 "fnv",
 "indexmap",
 "juniper_codegen",
 "serde",
 "serde_derive",
 "url 2.1.1",
 "uuid",
]

[[package]]
name = "juniper_codegen"
version = "0.14.2"
source = "registry+https://github.com/rust-lang/crates.io-index"
checksum = "d40af234d8e971a9d7dda93ffbcc8a44a93f17e69e3067f72ce7a6894c41d51b"
dependencies = [
 "proc-macro2 1.0.10",
 "quote 1.0.3",
 "syn 1.0.17",
]

[[package]]
name = "juniper_iron"
version = "0.6.2"
source = "registry+https://github.com/rust-lang/crates.io-index"
checksum = "bfa0fb16738fca9d084b9b08bb0ceca2fdd14df82547e54cd5616f2022d5de6f"
dependencies = [
 "iron",
 "juniper",
 "serde",
 "serde_derive",
 "serde_json",
 "urlencoded",
]

[[package]]
name = "language-tags"
version = "0.2.2"
source = "registry+https://github.com/rust-lang/crates.io-index"
checksum = "a91d884b6667cd606bb5a69aa0c99ba811a115fc68915e7056ec08a46e93199a"

[[package]]
name = "lazy_static"
version = "1.4.0"
source = "registry+https://github.com/rust-lang/crates.io-index"
checksum = "e2abad23fbc42b3700f2f279844dc832adb2b2eb069b2df918f455c4e18cc646"

[[package]]
name = "libc"
version = "0.2.68"
source = "registry+https://github.com/rust-lang/crates.io-index"
checksum = "dea0c0405123bba743ee3f91f49b1c7cfb684eef0da0a50110f758ccf24cdff0"

[[package]]
name = "log"
version = "0.3.9"
source = "registry+https://github.com/rust-lang/crates.io-index"
checksum = "e19e8d5c34a3e0e2223db8e060f9e8264aeeb5c5fc64a4ee9965c062211c024b"
dependencies = [
 "log 0.4.8",
]

[[package]]
name = "log"
version = "0.4.8"
source = "registry+https://github.com/rust-lang/crates.io-index"
checksum = "14b6052be84e6b71ab17edffc2eeabf5c2c3ae1fdb464aae35ac50c67a44e1f7"
dependencies = [
 "cfg-if",
]

[[package]]
name = "logger"
version = "0.4.0"
source = "registry+https://github.com/rust-lang/crates.io-index"
checksum = "6c9172cb4c2f6c52117e25570983edcbb322f130b1031ae5d5d6b1abe7eeb493"
dependencies = [
 "iron",
 "log 0.3.9",
 "time",
]

[[package]]
name = "matches"
version = "0.1.8"
source = "registry+https://github.com/rust-lang/crates.io-index"
checksum = "7ffc5c5338469d4d3ea17d269fa8ea3512ad247247c30bd2df69e68309ed0a08"

[[package]]
name = "memchr"
version = "2.3.3"
source = "registry+https://github.com/rust-lang/crates.io-index"
checksum = "3728d817d99e5ac407411fa471ff9800a778d88a24685968b36824eaf4bee400"

[[package]]
name = "mime"
version = "0.2.6"
source = "registry+https://github.com/rust-lang/crates.io-index"
checksum = "ba626b8a6de5da682e1caa06bdb42a335aee5a84db8e5046a3e8ab17ba0a3ae0"
dependencies = [
 "log 0.3.9",
]

[[package]]
name = "mime_guess"
version = "1.8.8"
source = "registry+https://github.com/rust-lang/crates.io-index"
checksum = "216929a5ee4dd316b1702eedf5e74548c123d370f47841ceaac38ca154690ca3"
dependencies = [
 "mime",
 "phf",
 "phf_codegen",
 "unicase",
]

[[package]]
name = "modifier"
version = "0.1.0"
source = "registry+https://github.com/rust-lang/crates.io-index"
checksum = "41f5c9112cb662acd3b204077e0de5bc66305fa8df65c8019d5adb10e9ab6e58"

[[package]]
name = "mount"
version = "0.4.0"
source = "registry+https://github.com/rust-lang/crates.io-index"
checksum = "e25c06012941aaf8c75f2eaf7ec5c48cf69f9fc489ab3eb3589edc107e386f0b"
dependencies = [
 "iron",
 "sequence_trie",
]

[[package]]
name = "num-integer"
version = "0.1.42"
source = "registry+https://github.com/rust-lang/crates.io-index"
checksum = "3f6ea62e9d81a77cd3ee9a2a5b9b609447857f3d358704331e4ef39eb247fcba"
dependencies = [
 "autocfg 1.0.0",
 "num-traits",
]

[[package]]
name = "num-traits"
version = "0.2.11"
source = "registry+https://github.com/rust-lang/crates.io-index"
checksum = "c62be47e61d1842b9170f0fdeec8eba98e60e90e5446449a0545e5152acd7096"
dependencies = [
 "autocfg 1.0.0",
]

[[package]]
name = "num_cpus"
version = "1.12.0"
source = "registry+https://github.com/rust-lang/crates.io-index"
checksum = "46203554f085ff89c235cd12f7075f3233af9b11ed7c9e16dfe2560d03313ce6"
dependencies = [
 "hermit-abi",
 "libc",
]

[[package]]
name = "percent-encoding"
version = "1.0.1"
source = "registry+https://github.com/rust-lang/crates.io-index"
checksum = "31010dd2e1ac33d5b46a5b413495239882813e0369f8ed8a5e266f173602f831"

[[package]]
name = "percent-encoding"
version = "2.1.0"
source = "registry+https://github.com/rust-lang/crates.io-index"
checksum = "d4fd5641d01c8f18a23da7b6fe29298ff4b55afcccdf78973b24cf3175fee32e"

[[package]]
name = "persistent"
version = "0.4.0"
source = "registry+https://github.com/rust-lang/crates.io-index"
checksum = "8e8fa0009c4f3d350281309909c618abddf10bb7e3145f28410782f6a5ec74c5"
dependencies = [
 "iron",
 "plugin",
]

[[package]]
name = "phf"
version = "0.7.24"
source = "registry+https://github.com/rust-lang/crates.io-index"
checksum = "b3da44b85f8e8dfaec21adae67f95d93244b2ecf6ad2a692320598dcc8e6dd18"
dependencies = [
 "phf_shared",
]

[[package]]
name = "phf_codegen"
version = "0.7.24"
source = "registry+https://github.com/rust-lang/crates.io-index"
checksum = "b03e85129e324ad4166b06b2c7491ae27fe3ec353af72e72cd1654c7225d517e"
dependencies = [
 "phf_generator",
 "phf_shared",
]

[[package]]
name = "phf_generator"
version = "0.7.24"
source = "registry+https://github.com/rust-lang/crates.io-index"
checksum = "09364cc93c159b8b06b1f4dd8a4398984503483891b0c26b867cf431fb132662"
dependencies = [
 "phf_shared",
 "rand",
]

[[package]]
name = "phf_shared"
version = "0.7.24"
source = "registry+https://github.com/rust-lang/crates.io-index"
checksum = "234f71a15de2288bcb7e3b6515828d22af7ec8598ee6d24c3b526fa0a80b67a0"
dependencies = [
 "siphasher",
 "unicase",
]

[[package]]
name = "plugin"
version = "0.2.6"
source = "registry+https://github.com/rust-lang/crates.io-index"
checksum = "1a6a0dc3910bc8db877ffed8e457763b317cf880df4ae19109b9f77d277cf6e0"
dependencies = [
 "typemap",
]

[[package]]
name = "pq-sys"
version = "0.4.6"
source = "registry+https://github.com/rust-lang/crates.io-index"
checksum = "6ac25eee5a0582f45a67e837e350d784e7003bd29a5f460796772061ca49ffda"
dependencies = [
 "vcpkg",
]

[[package]]
name = "proc-macro2"
version = "0.4.30"
source = "registry+https://github.com/rust-lang/crates.io-index"
checksum = "cf3d2011ab5c909338f7887f4fc896d35932e29146c12c8d01da6b22a80ba759"
dependencies = [
 "unicode-xid 0.1.0",
]

[[package]]
name = "proc-macro2"
version = "1.0.10"
source = "registry+https://github.com/rust-lang/crates.io-index"
checksum = "df246d292ff63439fea9bc8c0a270bed0e390d5ebd4db4ba15aba81111b5abe3"
dependencies = [
 "unicode-xid 0.2.0",
]

[[package]]
name = "quick-error"
version = "1.2.3"
source = "registry+https://github.com/rust-lang/crates.io-index"
checksum = "a1d01941d82fa2ab50be1e79e6714289dd7cde78eba4c074bc5a4374f650dfe0"

[[package]]
name = "quote"
version = "0.6.13"
source = "registry+https://github.com/rust-lang/crates.io-index"
checksum = "6ce23b6b870e8f94f81fb0a363d65d86675884b34a09043c81e5562f11c1f8e1"
dependencies = [
 "proc-macro2 0.4.30",
]

[[package]]
name = "quote"
version = "1.0.3"
source = "registry+https://github.com/rust-lang/crates.io-index"
checksum = "2bdc6c187c65bca4260c9011c9e3132efe4909da44726bad24cf7572ae338d7f"
dependencies = [
 "proc-macro2 1.0.10",
]

[[package]]
name = "rand"
version = "0.6.5"
source = "registry+https://github.com/rust-lang/crates.io-index"
checksum = "6d71dacdc3c88c1fde3885a3be3fbab9f35724e6ce99467f7d9c5026132184ca"
dependencies = [
 "autocfg 0.1.7",
 "libc",
 "rand_chacha",
 "rand_core 0.4.2",
 "rand_hc",
 "rand_isaac",
 "rand_jitter",
 "rand_os",
 "rand_pcg",
 "rand_xorshift",
 "winapi",
]

[[package]]
name = "rand_chacha"
version = "0.1.1"
source = "registry+https://github.com/rust-lang/crates.io-index"
checksum = "556d3a1ca6600bfcbab7c7c91ccb085ac7fbbcd70e008a98742e7847f4f7bcef"
dependencies = [
 "autocfg 0.1.7",
 "rand_core 0.3.1",
]

[[package]]
name = "rand_core"
version = "0.3.1"
source = "registry+https://github.com/rust-lang/crates.io-index"
checksum = "7a6fdeb83b075e8266dcc8762c22776f6877a63111121f5f8c7411e5be7eed4b"
dependencies = [
 "rand_core 0.4.2",
]

[[package]]
name = "rand_core"
version = "0.4.2"
source = "registry+https://github.com/rust-lang/crates.io-index"
checksum = "9c33a3c44ca05fa6f1807d8e6743f3824e8509beca625669633be0acbdf509dc"

[[package]]
name = "rand_hc"
version = "0.1.0"
source = "registry+https://github.com/rust-lang/crates.io-index"
checksum = "7b40677c7be09ae76218dc623efbf7b18e34bced3f38883af07bb75630a21bc4"
dependencies = [
 "rand_core 0.3.1",
]

[[package]]
name = "rand_isaac"
version = "0.1.1"
source = "registry+https://github.com/rust-lang/crates.io-index"
checksum = "ded997c9d5f13925be2a6fd7e66bf1872597f759fd9dd93513dd7e92e5a5ee08"
dependencies = [
 "rand_core 0.3.1",
]

[[package]]
name = "rand_jitter"
version = "0.1.4"
source = "registry+https://github.com/rust-lang/crates.io-index"
checksum = "1166d5c91dc97b88d1decc3285bb0a99ed84b05cfd0bc2341bdf2d43fc41e39b"
dependencies = [
 "libc",
 "rand_core 0.4.2",
 "winapi",
]

[[package]]
name = "rand_os"
version = "0.1.3"
source = "registry+https://github.com/rust-lang/crates.io-index"
checksum = "7b75f676a1e053fc562eafbb47838d67c84801e38fc1ba459e8f180deabd5071"
dependencies = [
 "cloudabi",
 "fuchsia-cprng",
 "libc",
 "rand_core 0.4.2",
 "rdrand",
 "winapi",
]

[[package]]
name = "rand_pcg"
version = "0.1.2"
source = "registry+https://github.com/rust-lang/crates.io-index"
checksum = "abf9b09b01790cfe0364f52bf32995ea3c39f4d2dd011eac241d2914146d0b44"
dependencies = [
 "autocfg 0.1.7",
 "rand_core 0.4.2",
]

[[package]]
name = "rand_xorshift"
version = "0.1.1"
source = "registry+https://github.com/rust-lang/crates.io-index"
checksum = "cbf7e9e623549b0e21f6e97cf8ecf247c1a8fd2e8a992ae265314300b2455d5c"
dependencies = [
 "rand_core 0.3.1",
]

[[package]]
name = "rdrand"
version = "0.4.0"
source = "registry+https://github.com/rust-lang/crates.io-index"
checksum = "678054eb77286b51581ba43620cc911abf02758c91f93f479767aed0f90458b2"
dependencies = [
 "rand_core 0.3.1",
]

[[package]]
name = "redox_syscall"
version = "0.1.56"
source = "registry+https://github.com/rust-lang/crates.io-index"
checksum = "2439c63f3f6139d1b57529d16bc3b8bb855230c8efcc5d3a896c8bea7c3b1e84"

[[package]]
name = "regex"
version = "0.2.11"
source = "registry+https://github.com/rust-lang/crates.io-index"
checksum = "9329abc99e39129fcceabd24cf5d85b4671ef7c29c50e972bc5afe32438ec384"
dependencies = [
 "aho-corasick 0.6.10",
 "memchr",
 "regex-syntax 0.5.6",
 "thread_local 0.3.6",
 "utf8-ranges",
]

[[package]]
name = "regex"
version = "1.3.6"
source = "registry+https://github.com/rust-lang/crates.io-index"
checksum = "7f6946991529684867e47d86474e3a6d0c0ab9b82d5821e314b1ede31fa3a4b3"
dependencies = [
 "aho-corasick 0.7.10",
 "memchr",
 "regex-syntax 0.6.17",
 "thread_local 1.0.1",
]

[[package]]
name = "regex-syntax"
version = "0.5.6"
source = "registry+https://github.com/rust-lang/crates.io-index"
checksum = "7d707a4fa2637f2dca2ef9fd02225ec7661fe01a53623c1e6515b6916511f7a7"
dependencies = [
 "ucd-util",
]

[[package]]
name = "regex-syntax"
version = "0.6.17"
source = "registry+https://github.com/rust-lang/crates.io-index"
checksum = "7fe5bd57d1d7414c6b5ed48563a2c855d995ff777729dcd91c369ec7fea395ae"

[[package]]
name = "ryu"
version = "1.0.3"
source = "registry+https://github.com/rust-lang/crates.io-index"
checksum = "535622e6be132bccd223f4bb2b8ac8d53cda3c7a6394944d3b2b33fb974f9d76"

[[package]]
name = "safemem"
version = "0.3.3"
source = "registry+https://github.com/rust-lang/crates.io-index"
checksum = "ef703b7cb59335eae2eb93ceb664c0eb7ea6bf567079d843e09420219668e072"

[[package]]
name = "sequence_trie"
version = "0.3.6"
source = "registry+https://github.com/rust-lang/crates.io-index"
checksum = "1ee22067b7ccd072eeb64454b9c6e1b33b61cd0d49e895fd48676a184580e0c3"

[[package]]
name = "serde"
version = "1.0.105"
source = "registry+https://github.com/rust-lang/crates.io-index"
checksum = "e707fbbf255b8fc8c3b99abb91e7257a622caeb20a9818cbadbeeede4e0932ff"

[[package]]
name = "serde_derive"
version = "1.0.105"
source = "registry+https://github.com/rust-lang/crates.io-index"
checksum = "ac5d00fc561ba2724df6758a17de23df5914f20e41cb00f94d5b7ae42fffaff8"
dependencies = [
 "proc-macro2 1.0.10",
 "quote 1.0.3",
 "syn 1.0.17",
]

[[package]]
name = "serde_json"
version = "1.0.50"
source = "registry+https://github.com/rust-lang/crates.io-index"
checksum = "78a7a12c167809363ec3bd7329fc0a3369056996de43c4b37ef3cd54a6ce4867"
dependencies = [
 "itoa",
 "ryu",
 "serde",
]

[[package]]
name = "siphasher"
version = "0.2.3"
source = "registry+https://github.com/rust-lang/crates.io-index"
checksum = "0b8de496cf83d4ed58b6be86c3a275b8602f6ffe98d3024a869e124147a9a3ac"

[[package]]
name = "smallvec"
version = "1.2.0"
source = "registry+https://github.com/rust-lang/crates.io-index"
checksum = "5c2fb2ec9bcd216a5b0d0ccf31ab17b5ed1d627960edff65bbe95d3ce221cefc"

[[package]]
name = "syn"
version = "0.14.9"
source = "registry+https://github.com/rust-lang/crates.io-index"
checksum = "261ae9ecaa397c42b960649561949d69311f08eeaea86a65696e6e46517cf741"
dependencies = [
 "proc-macro2 0.4.30",
 "quote 0.6.13",
 "unicode-xid 0.1.0",
]

[[package]]
name = "syn"
version = "1.0.17"
source = "registry+https://github.com/rust-lang/crates.io-index"
checksum = "0df0eb663f387145cab623dea85b09c2c5b4b0aef44e945d928e682fce71bb03"
dependencies = [
 "proc-macro2 1.0.10",
 "quote 1.0.3",
 "unicode-xid 0.2.0",
]

[[package]]
name = "termcolor"
version = "1.1.0"
source = "registry+https://github.com/rust-lang/crates.io-index"
checksum = "bb6bfa289a4d7c5766392812c0a1f4c1ba45afa1ad47803c11e1f407d846d75f"
dependencies = [
 "winapi-util",
]

[[package]]
name = "thread_local"
version = "0.3.6"
source = "registry+https://github.com/rust-lang/crates.io-index"
checksum = "c6b53e329000edc2b34dbe8545fd20e55a333362d0a321909685a19bd28c3f1b"
dependencies = [
 "lazy_static",
]

[[package]]
name = "thread_local"
version = "1.0.1"
source = "registry+https://github.com/rust-lang/crates.io-index"
checksum = "d40c6d1b69745a6ec6fb1ca717914848da4b44ae29d9b3080cbee91d72a69b14"
dependencies = [
 "lazy_static",
]

[[package]]
name = "time"
version = "0.1.42"
source = "registry+https://github.com/rust-lang/crates.io-index"
checksum = "db8dcfca086c1143c9270ac42a2bbd8a7ee477b78ac8e45b19abfb0cbede4b6f"
dependencies = [
 "libc",
 "redox_syscall",
 "winapi",
]

[[package]]
name = "traitobject"
version = "0.1.0"
source = "registry+https://github.com/rust-lang/crates.io-index"
checksum = "efd1f82c56340fdf16f2a953d7bda4f8fdffba13d93b00844c25572110b26079"

[[package]]
name = "twentyfive-stars-server"
version = "0.1.0"
dependencies = [
 "base64 0.11.0",
 "chrono",
 "diesel",
 "diesel-derive-newtype",
 "dotenv",
 "env_logger",
 "iron",
 "juniper",
 "juniper_iron",
 "logger",
 "mount",
 "uuid",
]

[[package]]
name = "typeable"
version = "0.1.2"
source = "registry+https://github.com/rust-lang/crates.io-index"
checksum = "1410f6f91f21d1612654e7cc69193b0334f909dcf2c790c4826254fbb86f8887"

[[package]]
name = "typemap"
version = "0.3.3"
source = "registry+https://github.com/rust-lang/crates.io-index"
checksum = "653be63c80a3296da5551e1bfd2cca35227e13cdd08c6668903ae2f4f77aa1f6"
dependencies = [
 "unsafe-any",
]

[[package]]
name = "ucd-util"
version = "0.1.8"
source = "registry+https://github.com/rust-lang/crates.io-index"
checksum = "c85f514e095d348c279b1e5cd76795082cf15bd59b93207832abe0b1d8fed236"

[[package]]
name = "unicase"
version = "1.4.2"
source = "registry+https://github.com/rust-lang/crates.io-index"
checksum = "7f4765f83163b74f957c797ad9253caf97f103fb064d3999aea9568d09fc8a33"
dependencies = [
 "version_check",
]

[[package]]
name = "unicode-bidi"
version = "0.3.4"
source = "registry+https://github.com/rust-lang/crates.io-index"
checksum = "49f2bd0c6468a8230e1db229cff8029217cf623c767ea5d60bfbd42729ea54d5"
dependencies = [
 "matches",
]

[[package]]
name = "unicode-normalization"
version = "0.1.12"
source = "registry+https://github.com/rust-lang/crates.io-index"
checksum = "5479532badd04e128284890390c1e876ef7a993d0570b3597ae43dfa1d59afa4"
dependencies = [
 "smallvec",
]

[[package]]
name = "unicode-xid"
version = "0.1.0"
source = "registry+https://github.com/rust-lang/crates.io-index"
checksum = "fc72304796d0818e357ead4e000d19c9c174ab23dc11093ac919054d20a6a7fc"

[[package]]
name = "unicode-xid"
version = "0.2.0"
source = "registry+https://github.com/rust-lang/crates.io-index"
checksum = "826e7639553986605ec5979c7dd957c7895e93eabed50ab2ffa7f6128a75097c"

[[package]]
name = "unsafe-any"
version = "0.4.2"
source = "registry+https://github.com/rust-lang/crates.io-index"
checksum = "f30360d7979f5e9c6e6cea48af192ea8fab4afb3cf72597154b8f08935bc9c7f"
dependencies = [
 "traitobject",
]

[[package]]
name = "url"
version = "1.7.2"
source = "registry+https://github.com/rust-lang/crates.io-index"
checksum = "dd4e7c0d531266369519a4aa4f399d748bd37043b00bde1e4ff1f60a120b355a"
dependencies = [
 "idna 0.1.5",
 "matches",
 "percent-encoding 1.0.1",
]

[[package]]
name = "url"
version = "2.1.1"
source = "registry+https://github.com/rust-lang/crates.io-index"
checksum = "829d4a8476c35c9bf0bbce5a3b23f4106f79728039b726d292bb93bc106787cb"
dependencies = [
 "idna 0.2.0",
 "matches",
 "percent-encoding 2.1.0",
]

[[package]]
name = "urlencoded"
version = "0.6.0"
source = "registry+https://github.com/rust-lang/crates.io-index"
checksum = "0a52f50139118b60ae91af08bf15ed158817d34b91b9d24c11ffbe21195d33e3"
dependencies = [
 "bodyparser",
 "iron",
 "plugin",
 "url 1.7.2",
]

[[package]]
name = "utf8-ranges"
version = "1.0.4"
source = "registry+https://github.com/rust-lang/crates.io-index"
checksum = "b4ae116fef2b7fea257ed6440d3cfcff7f190865f170cdad00bb6465bf18ecba"

[[package]]
name = "uuid"
version = "0.7.4"
source = "registry+https://github.com/rust-lang/crates.io-index"
checksum = "90dbc611eb48397705a6b0f6e917da23ae517e4d127123d2cf7674206627d32a"
dependencies = [
 "rand",
 "serde",
]

[[package]]
name = "vcpkg"
version = "0.2.8"
source = "registry+https://github.com/rust-lang/crates.io-index"
checksum = "3fc439f2794e98976c88a2a2dafce96b930fe8010b0a256b3c2199a773933168"

[[package]]
name = "version_check"
version = "0.1.5"
source = "registry+https://github.com/rust-lang/crates.io-index"
checksum = "914b1a6776c4c929a602fafd8bc742e06365d4bcbe48c30f9cca5824f70dc9dd"

[[package]]
name = "winapi"
version = "0.3.8"
source = "registry+https://github.com/rust-lang/crates.io-index"
checksum = "8093091eeb260906a183e6ae1abdba2ef5ef2257a21801128899c3fc699229c6"
dependencies = [
 "winapi-i686-pc-windows-gnu",
 "winapi-x86_64-pc-windows-gnu",
]

[[package]]
name = "winapi-i686-pc-windows-gnu"
version = "0.4.0"
source = "registry+https://github.com/rust-lang/crates.io-index"
checksum = "ac3b87c63620426dd9b991e5ce0329eff545bccbbb34f3be09ff6fb6ab51b7b6"

[[package]]
name = "winapi-util"
version = "0.1.4"
source = "registry+https://github.com/rust-lang/crates.io-index"
checksum = "fa515c5163a99cc82bab70fd3bfdd36d827be85de63737b40fcef2ce084a436e"
dependencies = [
 "winapi",
]

[[package]]
name = "winapi-x86_64-pc-windows-gnu"
version = "0.4.0"
source = "registry+https://github.com/rust-lang/crates.io-index"
checksum = "712e227841d057c1ee1cd2fb22fa7e5a5461ae8e48fa2ca79ec42cfc1931183f"
